
Microsoft Visual Studio Solution File, Format Version 12.00
# Visual Studio Version 17
VisualStudioVersion = 17.4.33213.308
MinimumVisualStudioVersion = 10.0.40219.1
Project("{9A19103F-16F7-4668-BE54-9A1E7A4F7556}") = "ConceptsPOO", "ConceptsPOO\ConceptsPOO.csproj", "{D4FDD351-1D51-49E1-B82D-9D7FA08E3E59}"
EndProject
Global
	GlobalSection(SolutionConfigurationPlatforms) = preSolution
		Debug|Any CPU = Debug|Any CPU
		Release|Any CPU = Release|Any CPU
	EndGlobalSection
	GlobalSection(ProjectConfigurationPlatforms) = postSolution
		{D4FDD351-1D51-49E1-B82D-9D7FA08E3E59}.Debug|Any CPU.ActiveCfg = Debug|Any CPU
		{D4FDD351-1D51-49E1-B82D-9D7FA08E3E59}.Debug|Any CPU.Build.0 = Debug|Any CPU
		{D4FDD351-1D51-49E1-B82D-9D7FA08E3E59}.Release|Any CPU.ActiveCfg = Release|Any CPU
		{D4FDD351-1D51-49E1-B82D-9D7FA08E3E59}.Release|Any CPU.Build.0 = Release|Any CPU
	EndGlobalSection
	GlobalSection(SolutionProperties) = preSolution
		HideSolutionNode = FALSE
	EndGlobalSection
	GlobalSection(ExtensibilityGlobals) = postSolution
		SolutionGuid = {53E8233B-DE8E-4F39-8512-97A5A4598B70}
	EndGlobalSection
EndGlobal
